
Microsoft Visual Studio Solution File, Format Version 12.00
# Visual Studio Version 16
VisualStudioVersion = 16.0.29418.71
MinimumVisualStudioVersion = 10.0.40219.1
Project("{FAE04EC0-301F-11D3-BF4B-00C04F79EFBC}") = "TeacherAssistant_v1", "TeacherAssistant_v1\TeacherAssistant_v1.csproj", "{29DE4991-62BA-4BA5-A127-1008EA2C850A}"
EndProject
Global
	GlobalSection(SolutionConfigurationPlatforms) = preSolution
		Debug|Any CPU = Debug|Any CPU
		Release|Any CPU = Release|Any CPU
	EndGlobalSection
	GlobalSection(ProjectConfigurationPlatforms) = postSolution
		{29DE4991-62BA-4BA5-A127-1008EA2C850A}.Debug|Any CPU.ActiveCfg = Debug|Any CPU
		{29DE4991-62BA-4BA5-A127-1008EA2C850A}.Debug|Any CPU.Build.0 = Debug|Any CPU
		{29DE4991-62BA-4BA5-A127-1008EA2C850A}.Release|Any CPU.ActiveCfg = Release|Any CPU
		{29DE4991-62BA-4BA5-A127-1008EA2C850A}.Release|Any CPU.Build.0 = Release|Any CPU
	EndGlobalSection
	GlobalSection(SolutionProperties) = preSolution
		HideSolutionNode = FALSE
	EndGlobalSection
	GlobalSection(ExtensibilityGlobals) = postSolution
		SolutionGuid = {99DDC8F8-EB52-4221-9BEB-EFABE271A4BF}
	EndGlobalSection
EndGlobal
